
Microsoft Visual Studio Solution File, Format Version 12.00
# Visual Studio Version 17
VisualStudioVersion = 17.0.31903.59
MinimumVisualStudioVersion = 10.0.40219.1
Project("{FAE04EC0-301F-11D3-BF4B-00C04F79EFBC}") = "Klava.DataSeeder", "Klava.DataSeeder\Klava.DataSeeder.csproj", "{2946FCCC-345F-441B-89C6-5B1AB526DB2A}"
EndProject
Project("{2150E333-8FDC-42A3-9474-1A3956D46DE8}") = "sql", "sql", "{D53CFAFE-A5DE-41A4-A2CF-A02A3ECEC7D5}"
	ProjectSection(SolutionItems) = preProject
		sql\klava_database.sql = sql\klava_database.sql
	EndProjectSection
EndProject
Project("{2150E333-8FDC-42A3-9474-1A3956D46DE8}") = "Solution Items", "Solution Items", "{1F6675AD-E39F-4C98-924B-B94C194E04F3}"
	ProjectSection(SolutionItems) = preProject
		..\README.md = ..\README.md
		..\DEVELOPMENT_PLAN.md = ..\DEVELOPMENT_PLAN.md
		..\promt.md = ..\promt.md
		..\COPILOT_CONTEXT.md = ..\COPILOT_CONTEXT.md
	EndProjectSection
EndProject
Project("{FAE04EC0-301F-11D3-BF4B-00C04F79EFBC}") = "Klava.Domain", "Klava.Domain\Klava.Domain.csproj", "{6B34B077-CB2D-47F3-97D9-3DE590755191}"
EndProject
Project("{FAE04EC0-301F-11D3-BF4B-00C04F79EFBC}") = "Klava.Infrastructure", "Klava.Infrastructure\Klava.Infrastructure.csproj", "{79547E51-14BF-4DE6-918F-312488329310}"
EndProject
Project("{FAE04EC0-301F-11D3-BF4B-00C04F79EFBC}") = "Klava.Application", "Klava.Application\Klava.Application.csproj", "{57039764-59DE-4B8E-A17C-0152EE599AB9}"
EndProject
Project("{FAE04EC0-301F-11D3-BF4B-00C04F79EFBC}") = "Klava.UI", "Klava.UI\Klava.UI.csproj", "{021CBCF5-7A09-4FBE-85D9-6C0D49C264AC}"
EndProject
Project("{FAE04EC0-301F-11D3-BF4B-00C04F79EFBC}") = "Klava.WPF", "Klava.WPF\Klava.WPF.csproj", "{5A0FD985-D972-4490-8341-A9DB23408971}"
EndProject
Global
	GlobalSection(SolutionConfigurationPlatforms) = preSolution
		Debug|Any CPU = Debug|Any CPU
		Debug|x64 = Debug|x64
		Debug|x86 = Debug|x86
		Release|Any CPU = Release|Any CPU
		Release|x64 = Release|x64
		Release|x86 = Release|x86
	EndGlobalSection
	GlobalSection(ProjectConfigurationPlatforms) = postSolution
		{2946FCCC-345F-441B-89C6-5B1AB526DB2A}.Debug|Any CPU.ActiveCfg = Debug|Any CPU
		{2946FCCC-345F-441B-89C6-5B1AB526DB2A}.Debug|Any CPU.Build.0 = Debug|Any CPU
		{2946FCCC-345F-441B-89C6-5B1AB526DB2A}.Debug|x64.ActiveCfg = Debug|Any CPU
		{2946FCCC-345F-441B-89C6-5B1AB526DB2A}.Debug|x64.Build.0 = Debug|Any CPU
		{2946FCCC-345F-441B-89C6-5B1AB526DB2A}.Debug|x86.ActiveCfg = Debug|Any CPU
		{2946FCCC-345F-441B-89C6-5B1AB526DB2A}.Debug|x86.Build.0 = Debug|Any CPU
		{2946FCCC-345F-441B-89C6-5B1AB526DB2A}.Release|Any CPU.ActiveCfg = Release|Any CPU
		{2946FCCC-345F-441B-89C6-5B1AB526DB2A}.Release|Any CPU.Build.0 = Release|Any CPU
		{2946FCCC-345F-441B-89C6-5B1AB526DB2A}.Release|x64.ActiveCfg = Release|Any CPU
		{2946FCCC-345F-441B-89C6-5B1AB526DB2A}.Release|x64.Build.0 = Release|Any CPU
		{2946FCCC-345F-441B-89C6-5B1AB526DB2A}.Release|x86.ActiveCfg = Release|Any CPU
		{2946FCCC-345F-441B-89C6-5B1AB526DB2A}.Release|x86.Build.0 = Release|Any CPU
		{6B34B077-CB2D-47F3-97D9-3DE590755191}.Debug|Any CPU.ActiveCfg = Debug|Any CPU
		{6B34B077-CB2D-47F3-97D9-3DE590755191}.Debug|Any CPU.Build.0 = Debug|Any CPU
		{6B34B077-CB2D-47F3-97D9-3DE590755191}.Debug|x64.ActiveCfg = Debug|Any CPU
		{6B34B077-CB2D-47F3-97D9-3DE590755191}.Debug|x64.Build.0 = Debug|Any CPU
		{6B34B077-CB2D-47F3-97D9-3DE590755191}.Debug|x86.ActiveCfg = Debug|Any CPU
		{6B34B077-CB2D-47F3-97D9-3DE590755191}.Debug|x86.Build.0 = Debug|Any CPU
		{6B34B077-CB2D-47F3-97D9-3DE590755191}.Release|Any CPU.ActiveCfg = Release|Any CPU
		{6B34B077-CB2D-47F3-97D9-3DE590755191}.Release|Any CPU.Build.0 = Release|Any CPU
		{6B34B077-CB2D-47F3-97D9-3DE590755191}.Release|x64.ActiveCfg = Release|Any CPU
		{6B34B077-CB2D-47F3-97D9-3DE590755191}.Release|x64.Build.0 = Release|Any CPU
		{6B34B077-CB2D-47F3-97D9-3DE590755191}.Release|x86.ActiveCfg = Release|Any CPU
		{6B34B077-CB2D-47F3-97D9-3DE590755191}.Release|x86.Build.0 = Release|Any CPU
		{79547E51-14BF-4DE6-918F-312488329310}.Debug|Any CPU.ActiveCfg = Debug|Any CPU
		{79547E51-14BF-4DE6-918F-312488329310}.Debug|Any CPU.Build.0 = Debug|Any CPU
		{79547E51-14BF-4DE6-918F-312488329310}.Debug|x64.ActiveCfg = Debug|Any CPU
		{79547E51-14BF-4DE6-918F-312488329310}.Debug|x64.Build.0 = Debug|Any CPU
		{79547E51-14BF-4DE6-918F-312488329310}.Debug|x86.ActiveCfg = Debug|Any CPU
		{79547E51-14BF-4DE6-918F-312488329310}.Debug|x86.Build.0 = Debug|Any CPU
		{79547E51-14BF-4DE6-918F-312488329310}.Release|Any CPU.ActiveCfg = Release|Any CPU
		{79547E51-14BF-4DE6-918F-312488329310}.Release|Any CPU.Build.0 = Release|Any CPU
		{79547E51-14BF-4DE6-918F-312488329310}.Release|x64.ActiveCfg = Release|Any CPU
		{79547E51-14BF-4DE6-918F-312488329310}.Release|x64.Build.0 = Release|Any CPU
		{79547E51-14BF-4DE6-918F-312488329310}.Release|x86.ActiveCfg = Release|Any CPU
		{79547E51-14BF-4DE6-918F-312488329310}.Release|x86.Build.0 = Release|Any CPU
		{57039764-59DE-4B8E-A17C-0152EE599AB9}.Debug|Any CPU.ActiveCfg = Debug|Any CPU
		{57039764-59DE-4B8E-A17C-0152EE599AB9}.Debug|Any CPU.Build.0 = Debug|Any CPU
		{57039764-59DE-4B8E-A17C-0152EE599AB9}.Debug|x64.ActiveCfg = Debug|Any CPU
		{57039764-59DE-4B8E-A17C-0152EE599AB9}.Debug|x64.Build.0 = Debug|Any CPU
		{57039764-59DE-4B8E-A17C-0152EE599AB9}.Debug|x86.ActiveCfg = Debug|Any CPU
		{57039764-59DE-4B8E-A17C-0152EE599AB9}.Debug|x86.Build.0 = Debug|Any CPU
		{57039764-59DE-4B8E-A17C-0152EE599AB9}.Release|Any CPU.ActiveCfg = Release|Any CPU
		{57039764-59DE-4B8E-A17C-0152EE599AB9}.Release|Any CPU.Build.0 = Release|Any CPU
		{57039764-59DE-4B8E-A17C-0152EE599AB9}.Release|x64.ActiveCfg = Release|Any CPU
		{57039764-59DE-4B8E-A17C-0152EE599AB9}.Release|x64.Build.0 = Release|Any CPU
		{57039764-59DE-4B8E-A17C-0152EE599AB9}.Release|x86.ActiveCfg = Release|Any CPU
		{57039764-59DE-4B8E-A17C-0152EE599AB9}.Release|x86.Build.0 = Release|Any CPU
		{021CBCF5-7A09-4FBE-85D9-6C0D49C264AC}.Debug|Any CPU.ActiveCfg = Debug|Any CPU
		{021CBCF5-7A09-4FBE-85D9-6C0D49C264AC}.Debug|Any CPU.Build.0 = Debug|Any CPU
		{021CBCF5-7A09-4FBE-85D9-6C0D49C264AC}.Debug|x64.ActiveCfg = Debug|Any CPU
		{021CBCF5-7A09-4FBE-85D9-6C0D49C264AC}.Debug|x64.Build.0 = Debug|Any CPU
		{021CBCF5-7A09-4FBE-85D9-6C0D49C264AC}.Debug|x86.ActiveCfg = Debug|Any CPU
		{021CBCF5-7A09-4FBE-85D9-6C0D49C264AC}.Debug|x86.Build.0 = Debug|Any CPU
		{021CBCF5-7A09-4FBE-85D9-6C0D49C264AC}.Release|Any CPU.ActiveCfg = Release|Any CPU
		{021CBCF5-7A09-4FBE-85D9-6C0D49C264AC}.Release|Any CPU.Build.0 = Release|Any CPU
		{021CBCF5-7A09-4FBE-85D9-6C0D49C264AC}.Release|x64.ActiveCfg = Release|Any CPU
		{021CBCF5-7A09-4FBE-85D9-6C0D49C264AC}.Release|x64.Build.0 = Release|Any CPU
		{021CBCF5-7A09-4FBE-85D9-6C0D49C264AC}.Release|x86.ActiveCfg = Release|Any CPU
		{021CBCF5-7A09-4FBE-85D9-6C0D49C264AC}.Release|x86.Build.0 = Release|Any CPU
		{5A0FD985-D972-4490-8341-A9DB23408971}.Debug|Any CPU.ActiveCfg = Debug|Any CPU
		{5A0FD985-D972-4490-8341-A9DB23408971}.Debug|Any CPU.Build.0 = Debug|Any CPU
		{5A0FD985-D972-4490-8341-A9DB23408971}.Debug|x64.ActiveCfg = Debug|Any CPU
		{5A0FD985-D972-4490-8341-A9DB23408971}.Debug|x64.Build.0 = Debug|Any CPU
		{5A0FD985-D972-4490-8341-A9DB23408971}.Debug|x86.ActiveCfg = Debug|Any CPU
		{5A0FD985-D972-4490-8341-A9DB23408971}.Debug|x86.Build.0 = Debug|Any CPU
		{5A0FD985-D972-4490-8341-A9DB23408971}.Release|Any CPU.ActiveCfg = Release|Any CPU
		{5A0FD985-D972-4490-8341-A9DB23408971}.Release|Any CPU.Build.0 = Release|Any CPU
		{5A0FD985-D972-4490-8341-A9DB23408971}.Release|x64.ActiveCfg = Release|Any CPU
		{5A0FD985-D972-4490-8341-A9DB23408971}.Release|x64.Build.0 = Release|Any CPU
		{5A0FD985-D972-4490-8341-A9DB23408971}.Release|x86.ActiveCfg = Release|Any CPU
		{5A0FD985-D972-4490-8341-A9DB23408971}.Release|x86.Build.0 = Release|Any CPU
	EndGlobalSection
	GlobalSection(SolutionProperties) = preSolution
		HideSolutionNode = FALSE
	EndGlobalSection
EndGlobal
